
Microsoft Visual Studio Solution File, Format Version 11.00
# Visual C# Express 2010
Project("{FAE04EC0-301F-11D3-BF4B-00C04F79EFBC}") = "split", "split\split.csproj", "{11716985-0288-4E2D-AE7A-59AA6BCB70B9}"
EndProject
Project("{FAE04EC0-301F-11D3-BF4B-00C04F79EFBC}") = "build", "build\build.csproj", "{8BDE1272-BD5B-4541-81F0-A2A6E86FAB8E}"
EndProject
Global
	GlobalSection(SolutionConfigurationPlatforms) = preSolution
		Debug|x86 = Debug|x86
		Release|x86 = Release|x86
	EndGlobalSection
	GlobalSection(ProjectConfigurationPlatforms) = postSolution
		{11716985-0288-4E2D-AE7A-59AA6BCB70B9}.Debug|x86.ActiveCfg = Debug|x86
		{11716985-0288-4E2D-AE7A-59AA6BCB70B9}.Debug|x86.Build.0 = Debug|x86
		{11716985-0288-4E2D-AE7A-59AA6BCB70B9}.Release|x86.ActiveCfg = Release|x86
		{11716985-0288-4E2D-AE7A-59AA6BCB70B9}.Release|x86.Build.0 = Release|x86
		{8BDE1272-BD5B-4541-81F0-A2A6E86FAB8E}.Debug|x86.ActiveCfg = Debug|x86
		{8BDE1272-BD5B-4541-81F0-A2A6E86FAB8E}.Debug|x86.Build.0 = Debug|x86
		{8BDE1272-BD5B-4541-81F0-A2A6E86FAB8E}.Release|x86.ActiveCfg = Release|x86
		{8BDE1272-BD5B-4541-81F0-A2A6E86FAB8E}.Release|x86.Build.0 = Release|x86
	EndGlobalSection
	GlobalSection(SolutionProperties) = preSolution
		HideSolutionNode = FALSE
	EndGlobalSection
EndGlobal
