
Microsoft Visual Studio Solution File, Format Version 11.00
# Visual C# Express 2010
Project("{FAE04EC0-301F-11D3-BF4B-00C04F79EFBC}") = "SAModel", "SAModel\SAModel.csproj", "{0EE5D36F-CACF-41E9-8C9A-76FFD946B22D}"
EndProject
Project("{FAE04EC0-301F-11D3-BF4B-00C04F79EFBC}") = "SAModel.Direct3D", "SAModel.Direct3D\SAModel.Direct3D.csproj", "{E81631CC-8721-425B-87A3-CB6199DECAF4}"
EndProject
Project("{FAE04EC0-301F-11D3-BF4B-00C04F79EFBC}") = "SADXLVL2", "SADXLVL2\SADXLVL2.csproj", "{5997DC6A-DA95-487E-BB19-2D8890684A54}"
EndProject
Project("{FAE04EC0-301F-11D3-BF4B-00C04F79EFBC}") = "SADXObjectDefinitions", "SADXObjectDefinitions\SADXObjectDefinitions.csproj", "{7AEE531B-8DD5-4F39-AE25-9A47E797C9C7}"
EndProject
Project("{FAE04EC0-301F-11D3-BF4B-00C04F79EFBC}") = "SAMDL", "SAMDL\SAMDL.csproj", "{64CD7AA3-BD30-4F90-9C62-09871B0E8B2B}"
EndProject
Project("{FAE04EC0-301F-11D3-BF4B-00C04F79EFBC}") = "LevelExtractor", "LevelExtractor\LevelExtractor.csproj", "{9B0BD77B-12B8-4B68-96B9-90A2868E6DF0}"
EndProject
Project("{FAE04EC0-301F-11D3-BF4B-00C04F79EFBC}") = "SALVL", "SALVL\SALVL.csproj", "{C02613CE-6906-4E97-A584-17852746E39D}"
EndProject
Project("{FAE04EC0-301F-11D3-BF4B-00C04F79EFBC}") = "splitMDL", "splitMDL\splitMDL.csproj", "{61AFA433-FBD9-4033-9822-EE5D991937EB}"
EndProject
Project("{FAE04EC0-301F-11D3-BF4B-00C04F79EFBC}") = "splitMTN", "splitMTN\splitMTN.csproj", "{58051113-C935-4EBD-99AE-DED1D3D0C42A}"
EndProject
Project("{FAE04EC0-301F-11D3-BF4B-00C04F79EFBC}") = "SplitNB", "SplitNB\SplitNB.csproj", "{77BE3983-4417-4087-96D7-7A48BF50DF89}"
EndProject
Project("{FAE04EC0-301F-11D3-BF4B-00C04F79EFBC}") = "buildMDL", "buildMDL\buildMDL.csproj", "{3A947AD1-86A1-468E-8627-8FBF78193DE1}"
EndProject
Project("{FAE04EC0-301F-11D3-BF4B-00C04F79EFBC}") = "buildMTN", "buildMTN\buildMTN.csproj", "{BEBE522C-F75C-4CAD-9B5D-FC9CDF98DBEB}"
EndProject
Project("{FAE04EC0-301F-11D3-BF4B-00C04F79EFBC}") = "MDLConv", "MDLConv\MDLConv.csproj", "{5972F0C4-1D1D-4E8C-9892-8BC5D261161F}"
EndProject
Project("{FAE04EC0-301F-11D3-BF4B-00C04F79EFBC}") = "replaceMDL", "replaceMDL\replaceMDL.csproj", "{89463C29-8914-4CA6-9DD0-B91C70A7EC7C}"
EndProject
Project("{FAE04EC0-301F-11D3-BF4B-00C04F79EFBC}") = "SAEditorCommon", "SAEditorCommon\SAEditorCommon.csproj", "{0D72870C-29A2-4B16-B016-2F2E266A0E64}"
EndProject
Global
	GlobalSection(SolutionConfigurationPlatforms) = preSolution
		Debug|Any CPU = Debug|Any CPU
		Debug|Mixed Platforms = Debug|Mixed Platforms
		Debug|x86 = Debug|x86
		Release|Any CPU = Release|Any CPU
		Release|Mixed Platforms = Release|Mixed Platforms
		Release|x86 = Release|x86
	EndGlobalSection
	GlobalSection(ProjectConfigurationPlatforms) = postSolution
		{0EE5D36F-CACF-41E9-8C9A-76FFD946B22D}.Debug|Any CPU.ActiveCfg = Debug|Any CPU
		{0EE5D36F-CACF-41E9-8C9A-76FFD946B22D}.Debug|Any CPU.Build.0 = Debug|Any CPU
		{0EE5D36F-CACF-41E9-8C9A-76FFD946B22D}.Debug|Mixed Platforms.ActiveCfg = Debug|Any CPU
		{0EE5D36F-CACF-41E9-8C9A-76FFD946B22D}.Debug|Mixed Platforms.Build.0 = Debug|Any CPU
		{0EE5D36F-CACF-41E9-8C9A-76FFD946B22D}.Debug|x86.ActiveCfg = Debug|Any CPU
		{0EE5D36F-CACF-41E9-8C9A-76FFD946B22D}.Release|Any CPU.ActiveCfg = Release|Any CPU
		{0EE5D36F-CACF-41E9-8C9A-76FFD946B22D}.Release|Any CPU.Build.0 = Release|Any CPU
		{0EE5D36F-CACF-41E9-8C9A-76FFD946B22D}.Release|Mixed Platforms.ActiveCfg = Release|Any CPU
		{0EE5D36F-CACF-41E9-8C9A-76FFD946B22D}.Release|Mixed Platforms.Build.0 = Release|Any CPU
		{0EE5D36F-CACF-41E9-8C9A-76FFD946B22D}.Release|x86.ActiveCfg = Release|Any CPU
		{E81631CC-8721-425B-87A3-CB6199DECAF4}.Debug|Any CPU.ActiveCfg = Debug|Any CPU
		{E81631CC-8721-425B-87A3-CB6199DECAF4}.Debug|Any CPU.Build.0 = Debug|Any CPU
		{E81631CC-8721-425B-87A3-CB6199DECAF4}.Debug|Mixed Platforms.ActiveCfg = Debug|Any CPU
		{E81631CC-8721-425B-87A3-CB6199DECAF4}.Debug|Mixed Platforms.Build.0 = Debug|Any CPU
		{E81631CC-8721-425B-87A3-CB6199DECAF4}.Debug|x86.ActiveCfg = Debug|Any CPU
		{E81631CC-8721-425B-87A3-CB6199DECAF4}.Release|Any CPU.ActiveCfg = Release|Any CPU
		{E81631CC-8721-425B-87A3-CB6199DECAF4}.Release|Any CPU.Build.0 = Release|Any CPU
		{E81631CC-8721-425B-87A3-CB6199DECAF4}.Release|Mixed Platforms.ActiveCfg = Release|Any CPU
		{E81631CC-8721-425B-87A3-CB6199DECAF4}.Release|Mixed Platforms.Build.0 = Release|Any CPU
		{E81631CC-8721-425B-87A3-CB6199DECAF4}.Release|x86.ActiveCfg = Release|Any CPU
		{5997DC6A-DA95-487E-BB19-2D8890684A54}.Debug|Any CPU.ActiveCfg = Debug|x86
		{5997DC6A-DA95-487E-BB19-2D8890684A54}.Debug|Mixed Platforms.ActiveCfg = Debug|x86
		{5997DC6A-DA95-487E-BB19-2D8890684A54}.Debug|Mixed Platforms.Build.0 = Debug|x86
		{5997DC6A-DA95-487E-BB19-2D8890684A54}.Debug|x86.ActiveCfg = Debug|x86
		{5997DC6A-DA95-487E-BB19-2D8890684A54}.Debug|x86.Build.0 = Debug|x86
		{5997DC6A-DA95-487E-BB19-2D8890684A54}.Release|Any CPU.ActiveCfg = Release|x86
		{5997DC6A-DA95-487E-BB19-2D8890684A54}.Release|Mixed Platforms.ActiveCfg = Release|x86
		{5997DC6A-DA95-487E-BB19-2D8890684A54}.Release|Mixed Platforms.Build.0 = Release|x86
		{5997DC6A-DA95-487E-BB19-2D8890684A54}.Release|x86.ActiveCfg = Release|x86
		{5997DC6A-DA95-487E-BB19-2D8890684A54}.Release|x86.Build.0 = Release|x86
		{7AEE531B-8DD5-4F39-AE25-9A47E797C9C7}.Debug|Any CPU.ActiveCfg = Debug|Any CPU
		{7AEE531B-8DD5-4F39-AE25-9A47E797C9C7}.Debug|Any CPU.Build.0 = Debug|Any CPU
		{7AEE531B-8DD5-4F39-AE25-9A47E797C9C7}.Debug|Mixed Platforms.ActiveCfg = Debug|Any CPU
		{7AEE531B-8DD5-4F39-AE25-9A47E797C9C7}.Debug|Mixed Platforms.Build.0 = Debug|Any CPU
		{7AEE531B-8DD5-4F39-AE25-9A47E797C9C7}.Debug|x86.ActiveCfg = Debug|Any CPU
		{7AEE531B-8DD5-4F39-AE25-9A47E797C9C7}.Release|Any CPU.ActiveCfg = Release|Any CPU
		{7AEE531B-8DD5-4F39-AE25-9A47E797C9C7}.Release|Any CPU.Build.0 = Release|Any CPU
		{7AEE531B-8DD5-4F39-AE25-9A47E797C9C7}.Release|Mixed Platforms.ActiveCfg = Release|Any CPU
		{7AEE531B-8DD5-4F39-AE25-9A47E797C9C7}.Release|Mixed Platforms.Build.0 = Release|Any CPU
		{7AEE531B-8DD5-4F39-AE25-9A47E797C9C7}.Release|x86.ActiveCfg = Release|Any CPU
		{64CD7AA3-BD30-4F90-9C62-09871B0E8B2B}.Debug|Any CPU.ActiveCfg = Debug|x86
		{64CD7AA3-BD30-4F90-9C62-09871B0E8B2B}.Debug|Mixed Platforms.ActiveCfg = Debug|x86
		{64CD7AA3-BD30-4F90-9C62-09871B0E8B2B}.Debug|Mixed Platforms.Build.0 = Debug|x86
		{64CD7AA3-BD30-4F90-9C62-09871B0E8B2B}.Debug|x86.ActiveCfg = Debug|x86
		{64CD7AA3-BD30-4F90-9C62-09871B0E8B2B}.Debug|x86.Build.0 = Debug|x86
		{64CD7AA3-BD30-4F90-9C62-09871B0E8B2B}.Release|Any CPU.ActiveCfg = Release|x86
		{64CD7AA3-BD30-4F90-9C62-09871B0E8B2B}.Release|Mixed Platforms.ActiveCfg = Release|x86
		{64CD7AA3-BD30-4F90-9C62-09871B0E8B2B}.Release|Mixed Platforms.Build.0 = Release|x86
		{64CD7AA3-BD30-4F90-9C62-09871B0E8B2B}.Release|x86.ActiveCfg = Release|x86
		{64CD7AA3-BD30-4F90-9C62-09871B0E8B2B}.Release|x86.Build.0 = Release|x86
		{9B0BD77B-12B8-4B68-96B9-90A2868E6DF0}.Debug|Any CPU.ActiveCfg = Debug|x86
		{9B0BD77B-12B8-4B68-96B9-90A2868E6DF0}.Debug|Mixed Platforms.ActiveCfg = Debug|x86
		{9B0BD77B-12B8-4B68-96B9-90A2868E6DF0}.Debug|Mixed Platforms.Build.0 = Debug|x86
		{9B0BD77B-12B8-4B68-96B9-90A2868E6DF0}.Debug|x86.ActiveCfg = Debug|x86
		{9B0BD77B-12B8-4B68-96B9-90A2868E6DF0}.Debug|x86.Build.0 = Debug|x86
		{9B0BD77B-12B8-4B68-96B9-90A2868E6DF0}.Release|Any CPU.ActiveCfg = Release|x86
		{9B0BD77B-12B8-4B68-96B9-90A2868E6DF0}.Release|Mixed Platforms.ActiveCfg = Release|x86
		{9B0BD77B-12B8-4B68-96B9-90A2868E6DF0}.Release|Mixed Platforms.Build.0 = Release|x86
		{9B0BD77B-12B8-4B68-96B9-90A2868E6DF0}.Release|x86.ActiveCfg = Release|x86
		{9B0BD77B-12B8-4B68-96B9-90A2868E6DF0}.Release|x86.Build.0 = Release|x86
		{C02613CE-6906-4E97-A584-17852746E39D}.Debug|Any CPU.ActiveCfg = Debug|x86
		{C02613CE-6906-4E97-A584-17852746E39D}.Debug|Mixed Platforms.ActiveCfg = Debug|x86
		{C02613CE-6906-4E97-A584-17852746E39D}.Debug|Mixed Platforms.Build.0 = Debug|x86
		{C02613CE-6906-4E97-A584-17852746E39D}.Debug|x86.ActiveCfg = Debug|x86
		{C02613CE-6906-4E97-A584-17852746E39D}.Debug|x86.Build.0 = Debug|x86
		{C02613CE-6906-4E97-A584-17852746E39D}.Release|Any CPU.ActiveCfg = Release|x86
		{C02613CE-6906-4E97-A584-17852746E39D}.Release|Mixed Platforms.ActiveCfg = Release|x86
		{C02613CE-6906-4E97-A584-17852746E39D}.Release|Mixed Platforms.Build.0 = Release|x86
		{C02613CE-6906-4E97-A584-17852746E39D}.Release|x86.ActiveCfg = Release|x86
		{C02613CE-6906-4E97-A584-17852746E39D}.Release|x86.Build.0 = Release|x86
		{61AFA433-FBD9-4033-9822-EE5D991937EB}.Debug|Any CPU.ActiveCfg = Debug|x86
		{61AFA433-FBD9-4033-9822-EE5D991937EB}.Debug|Mixed Platforms.ActiveCfg = Debug|x86
		{61AFA433-FBD9-4033-9822-EE5D991937EB}.Debug|Mixed Platforms.Build.0 = Debug|x86
		{61AFA433-FBD9-4033-9822-EE5D991937EB}.Debug|x86.ActiveCfg = Debug|x86
		{61AFA433-FBD9-4033-9822-EE5D991937EB}.Debug|x86.Build.0 = Debug|x86
		{61AFA433-FBD9-4033-9822-EE5D991937EB}.Release|Any CPU.ActiveCfg = Release|x86
		{61AFA433-FBD9-4033-9822-EE5D991937EB}.Release|Mixed Platforms.ActiveCfg = Release|x86
		{61AFA433-FBD9-4033-9822-EE5D991937EB}.Release|Mixed Platforms.Build.0 = Release|x86
		{61AFA433-FBD9-4033-9822-EE5D991937EB}.Release|x86.ActiveCfg = Release|x86
		{61AFA433-FBD9-4033-9822-EE5D991937EB}.Release|x86.Build.0 = Release|x86
		{58051113-C935-4EBD-99AE-DED1D3D0C42A}.Debug|Any CPU.ActiveCfg = Debug|x86
		{58051113-C935-4EBD-99AE-DED1D3D0C42A}.Debug|Mixed Platforms.ActiveCfg = Debug|x86
		{58051113-C935-4EBD-99AE-DED1D3D0C42A}.Debug|Mixed Platforms.Build.0 = Debug|x86
		{58051113-C935-4EBD-99AE-DED1D3D0C42A}.Debug|x86.ActiveCfg = Debug|x86
		{58051113-C935-4EBD-99AE-DED1D3D0C42A}.Debug|x86.Build.0 = Debug|x86
		{58051113-C935-4EBD-99AE-DED1D3D0C42A}.Release|Any CPU.ActiveCfg = Release|x86
		{58051113-C935-4EBD-99AE-DED1D3D0C42A}.Release|Mixed Platforms.ActiveCfg = Release|x86
		{58051113-C935-4EBD-99AE-DED1D3D0C42A}.Release|Mixed Platforms.Build.0 = Release|x86
		{58051113-C935-4EBD-99AE-DED1D3D0C42A}.Release|x86.ActiveCfg = Release|x86
		{58051113-C935-4EBD-99AE-DED1D3D0C42A}.Release|x86.Build.0 = Release|x86
		{77BE3983-4417-4087-96D7-7A48BF50DF89}.Debug|Any CPU.ActiveCfg = Debug|x86
		{77BE3983-4417-4087-96D7-7A48BF50DF89}.Debug|Mixed Platforms.ActiveCfg = Debug|x86
		{77BE3983-4417-4087-96D7-7A48BF50DF89}.Debug|Mixed Platforms.Build.0 = Debug|x86
		{77BE3983-4417-4087-96D7-7A48BF50DF89}.Debug|x86.ActiveCfg = Debug|x86
		{77BE3983-4417-4087-96D7-7A48BF50DF89}.Debug|x86.Build.0 = Debug|x86
		{77BE3983-4417-4087-96D7-7A48BF50DF89}.Release|Any CPU.ActiveCfg = Release|x86
		{77BE3983-4417-4087-96D7-7A48BF50DF89}.Release|Mixed Platforms.ActiveCfg = Release|x86
		{77BE3983-4417-4087-96D7-7A48BF50DF89}.Release|Mixed Platforms.Build.0 = Release|x86
		{77BE3983-4417-4087-96D7-7A48BF50DF89}.Release|x86.ActiveCfg = Release|x86
		{77BE3983-4417-4087-96D7-7A48BF50DF89}.Release|x86.Build.0 = Release|x86
		{3A947AD1-86A1-468E-8627-8FBF78193DE1}.Debug|Any CPU.ActiveCfg = Debug|x86
		{3A947AD1-86A1-468E-8627-8FBF78193DE1}.Debug|Mixed Platforms.ActiveCfg = Debug|x86
		{3A947AD1-86A1-468E-8627-8FBF78193DE1}.Debug|Mixed Platforms.Build.0 = Debug|x86
		{3A947AD1-86A1-468E-8627-8FBF78193DE1}.Debug|x86.ActiveCfg = Debug|x86
		{3A947AD1-86A1-468E-8627-8FBF78193DE1}.Debug|x86.Build.0 = Debug|x86
		{3A947AD1-86A1-468E-8627-8FBF78193DE1}.Release|Any CPU.ActiveCfg = Release|x86
		{3A947AD1-86A1-468E-8627-8FBF78193DE1}.Release|Mixed Platforms.ActiveCfg = Release|x86
		{3A947AD1-86A1-468E-8627-8FBF78193DE1}.Release|Mixed Platforms.Build.0 = Release|x86
		{3A947AD1-86A1-468E-8627-8FBF78193DE1}.Release|x86.ActiveCfg = Release|x86
		{3A947AD1-86A1-468E-8627-8FBF78193DE1}.Release|x86.Build.0 = Release|x86
		{BEBE522C-F75C-4CAD-9B5D-FC9CDF98DBEB}.Debug|Any CPU.ActiveCfg = Debug|x86
		{BEBE522C-F75C-4CAD-9B5D-FC9CDF98DBEB}.Debug|Mixed Platforms.ActiveCfg = Debug|x86
		{BEBE522C-F75C-4CAD-9B5D-FC9CDF98DBEB}.Debug|Mixed Platforms.Build.0 = Debug|x86
		{BEBE522C-F75C-4CAD-9B5D-FC9CDF98DBEB}.Debug|x86.ActiveCfg = Debug|x86
		{BEBE522C-F75C-4CAD-9B5D-FC9CDF98DBEB}.Debug|x86.Build.0 = Debug|x86
		{BEBE522C-F75C-4CAD-9B5D-FC9CDF98DBEB}.Release|Any CPU.ActiveCfg = Release|x86
		{BEBE522C-F75C-4CAD-9B5D-FC9CDF98DBEB}.Release|Mixed Platforms.ActiveCfg = Release|x86
		{BEBE522C-F75C-4CAD-9B5D-FC9CDF98DBEB}.Release|Mixed Platforms.Build.0 = Release|x86
		{BEBE522C-F75C-4CAD-9B5D-FC9CDF98DBEB}.Release|x86.ActiveCfg = Release|x86
		{BEBE522C-F75C-4CAD-9B5D-FC9CDF98DBEB}.Release|x86.Build.0 = Release|x86
		{5972F0C4-1D1D-4E8C-9892-8BC5D261161F}.Debug|Any CPU.ActiveCfg = Debug|x86
		{5972F0C4-1D1D-4E8C-9892-8BC5D261161F}.Debug|Mixed Platforms.ActiveCfg = Debug|x86
		{5972F0C4-1D1D-4E8C-9892-8BC5D261161F}.Debug|Mixed Platforms.Build.0 = Debug|x86
		{5972F0C4-1D1D-4E8C-9892-8BC5D261161F}.Debug|x86.ActiveCfg = Debug|x86
		{5972F0C4-1D1D-4E8C-9892-8BC5D261161F}.Debug|x86.Build.0 = Debug|x86
		{5972F0C4-1D1D-4E8C-9892-8BC5D261161F}.Release|Any CPU.ActiveCfg = Release|x86
		{5972F0C4-1D1D-4E8C-9892-8BC5D261161F}.Release|Mixed Platforms.ActiveCfg = Release|x86
		{5972F0C4-1D1D-4E8C-9892-8BC5D261161F}.Release|Mixed Platforms.Build.0 = Release|x86
		{5972F0C4-1D1D-4E8C-9892-8BC5D261161F}.Release|x86.ActiveCfg = Release|x86
		{5972F0C4-1D1D-4E8C-9892-8BC5D261161F}.Release|x86.Build.0 = Release|x86
		{89463C29-8914-4CA6-9DD0-B91C70A7EC7C}.Debug|Any CPU.ActiveCfg = Debug|x86
		{89463C29-8914-4CA6-9DD0-B91C70A7EC7C}.Debug|Mixed Platforms.ActiveCfg = Debug|x86
		{89463C29-8914-4CA6-9DD0-B91C70A7EC7C}.Debug|Mixed Platforms.Build.0 = Debug|x86
		{89463C29-8914-4CA6-9DD0-B91C70A7EC7C}.Debug|x86.ActiveCfg = Debug|x86
		{89463C29-8914-4CA6-9DD0-B91C70A7EC7C}.Debug|x86.Build.0 = Debug|x86
		{89463C29-8914-4CA6-9DD0-B91C70A7EC7C}.Release|Any CPU.ActiveCfg = Release|x86
		{89463C29-8914-4CA6-9DD0-B91C70A7EC7C}.Release|Mixed Platforms.ActiveCfg = Release|x86
		{89463C29-8914-4CA6-9DD0-B91C70A7EC7C}.Release|Mixed Platforms.Build.0 = Release|x86
		{89463C29-8914-4CA6-9DD0-B91C70A7EC7C}.Release|x86.ActiveCfg = Release|x86
		{89463C29-8914-4CA6-9DD0-B91C70A7EC7C}.Release|x86.Build.0 = Release|x86
		{0D72870C-29A2-4B16-B016-2F2E266A0E64}.Debug|Any CPU.ActiveCfg = Debug|Any CPU
		{0D72870C-29A2-4B16-B016-2F2E266A0E64}.Debug|Any CPU.Build.0 = Debug|Any CPU
		{0D72870C-29A2-4B16-B016-2F2E266A0E64}.Debug|Mixed Platforms.ActiveCfg = Debug|Any CPU
		{0D72870C-29A2-4B16-B016-2F2E266A0E64}.Debug|Mixed Platforms.Build.0 = Debug|Any CPU
		{0D72870C-29A2-4B16-B016-2F2E266A0E64}.Debug|x86.ActiveCfg = Debug|Any CPU
		{0D72870C-29A2-4B16-B016-2F2E266A0E64}.Release|Any CPU.ActiveCfg = Release|Any CPU
		{0D72870C-29A2-4B16-B016-2F2E266A0E64}.Release|Any CPU.Build.0 = Release|Any CPU
		{0D72870C-29A2-4B16-B016-2F2E266A0E64}.Release|Mixed Platforms.ActiveCfg = Release|Any CPU
		{0D72870C-29A2-4B16-B016-2F2E266A0E64}.Release|Mixed Platforms.Build.0 = Release|Any CPU
		{0D72870C-29A2-4B16-B016-2F2E266A0E64}.Release|x86.ActiveCfg = Release|Any CPU
	EndGlobalSection
	GlobalSection(SolutionProperties) = preSolution
		HideSolutionNode = FALSE
	EndGlobalSection
EndGlobal
